
Microsoft Visual Studio Solution File, Format Version 12.00
# Visual Studio 15
VisualStudioVersion = 15.0.27130.2036
MinimumVisualStudioVersion = 10.0.40219.1
Project("{8BC9CEB8-8B4A-11D0-8D11-00A0C91BC942}") = "Analysis", "Analysis\Analysis.vcxproj", "{7A6215AE-C4A2-42EA-85DD-AFA4E638CFC0}"
EndProject
Project("{8BC9CEB8-8B4A-11D0-8D11-00A0C91BC942}") = "Cyphers", "Cyphers\Cyphers.vcxproj", "{CD126BEC-7133-480A-AD99-32FFAC1569FD}"
EndProject
Project("{8BC9CEB8-8B4A-11D0-8D11-00A0C91BC942}") = "CypherTests", "CypherTests\CypherTests.vcxproj", "{C57F3873-F0A1-4DB9-9736-D62B3604FE77}"
EndProject
Global
	GlobalSection(SolutionConfigurationPlatforms) = preSolution
		Debug|x64 = Debug|x64
		Debug|x86 = Debug|x86
		Release|x64 = Release|x64
		Release|x86 = Release|x86
	EndGlobalSection
	GlobalSection(ProjectConfigurationPlatforms) = postSolution
		{7A6215AE-C4A2-42EA-85DD-AFA4E638CFC0}.Debug|x64.ActiveCfg = Debug|x64
		{7A6215AE-C4A2-42EA-85DD-AFA4E638CFC0}.Debug|x64.Build.0 = Debug|x64
		{7A6215AE-C4A2-42EA-85DD-AFA4E638CFC0}.Debug|x86.ActiveCfg = Debug|Win32
		{7A6215AE-C4A2-42EA-85DD-AFA4E638CFC0}.Debug|x86.Build.0 = Debug|Win32
		{7A6215AE-C4A2-42EA-85DD-AFA4E638CFC0}.Release|x64.ActiveCfg = Release|x64
		{7A6215AE-C4A2-42EA-85DD-AFA4E638CFC0}.Release|x64.Build.0 = Release|x64
		{7A6215AE-C4A2-42EA-85DD-AFA4E638CFC0}.Release|x86.ActiveCfg = Release|Win32
		{7A6215AE-C4A2-42EA-85DD-AFA4E638CFC0}.Release|x86.Build.0 = Release|Win32
		{CD126BEC-7133-480A-AD99-32FFAC1569FD}.Debug|x64.ActiveCfg = Debug|x64
		{CD126BEC-7133-480A-AD99-32FFAC1569FD}.Debug|x64.Build.0 = Debug|x64
		{CD126BEC-7133-480A-AD99-32FFAC1569FD}.Debug|x86.ActiveCfg = Debug|Win32
		{CD126BEC-7133-480A-AD99-32FFAC1569FD}.Debug|x86.Build.0 = Debug|Win32
		{CD126BEC-7133-480A-AD99-32FFAC1569FD}.Release|x64.ActiveCfg = Release|x64
		{CD126BEC-7133-480A-AD99-32FFAC1569FD}.Release|x64.Build.0 = Release|x64
		{CD126BEC-7133-480A-AD99-32FFAC1569FD}.Release|x86.ActiveCfg = Release|Win32
		{CD126BEC-7133-480A-AD99-32FFAC1569FD}.Release|x86.Build.0 = Release|Win32
		{C57F3873-F0A1-4DB9-9736-D62B3604FE77}.Debug|x64.ActiveCfg = Debug|x64
		{C57F3873-F0A1-4DB9-9736-D62B3604FE77}.Debug|x64.Build.0 = Debug|x64
		{C57F3873-F0A1-4DB9-9736-D62B3604FE77}.Debug|x86.ActiveCfg = Debug|Win32
		{C57F3873-F0A1-4DB9-9736-D62B3604FE77}.Debug|x86.Build.0 = Debug|Win32
		{C57F3873-F0A1-4DB9-9736-D62B3604FE77}.Release|x64.ActiveCfg = Release|x64
		{C57F3873-F0A1-4DB9-9736-D62B3604FE77}.Release|x64.Build.0 = Release|x64
		{C57F3873-F0A1-4DB9-9736-D62B3604FE77}.Release|x86.ActiveCfg = Release|Win32
		{C57F3873-F0A1-4DB9-9736-D62B3604FE77}.Release|x86.Build.0 = Release|Win32
	EndGlobalSection
	GlobalSection(SolutionProperties) = preSolution
		HideSolutionNode = FALSE
	EndGlobalSection
	GlobalSection(ExtensibilityGlobals) = postSolution
		SolutionGuid = {43F97F4D-D27A-400C-BAB9-5EB32A9DF1B8}
	EndGlobalSection
EndGlobal
